
Microsoft Visual Studio Solution File, Format Version 12.00
# Visual Studio Version 18
VisualStudioVersion = 18.5.11709.299 stable
MinimumVisualStudioVersion = 10.0.40219.1
Project("{FAE04EC0-301F-11D3-BF4B-00C04F79EFBC}") = "Aarohi", "Aarohi\Aarohi.csproj", "{DC45F8A9-DD55-4905-934D-75DFA10CC17A}"
EndProject
Project("{FAE04EC0-301F-11D3-BF4B-00C04F79EFBC}") = "AarohiWpfControls", "AarohiWpfControls\AarohiWpfControls.csproj", "{09AACF96-76F1-48FE-A587-3C157AB21FE5}"
EndProject
Global
	GlobalSection(SolutionConfigurationPlatforms) = preSolution
		Debug|Any CPU = Debug|Any CPU
		Release|Any CPU = Release|Any CPU
	EndGlobalSection
	GlobalSection(ProjectConfigurationPlatforms) = postSolution
		{DC45F8A9-DD55-4905-934D-75DFA10CC17A}.Debug|Any CPU.ActiveCfg = Debug|Any CPU
		{DC45F8A9-DD55-4905-934D-75DFA10CC17A}.Debug|Any CPU.Build.0 = Debug|Any CPU
		{DC45F8A9-DD55-4905-934D-75DFA10CC17A}.Release|Any CPU.ActiveCfg = Release|Any CPU
		{DC45F8A9-DD55-4905-934D-75DFA10CC17A}.Release|Any CPU.Build.0 = Release|Any CPU
		{09AACF96-76F1-48FE-A587-3C157AB21FE5}.Debug|Any CPU.ActiveCfg = Debug|Any CPU
		{09AACF96-76F1-48FE-A587-3C157AB21FE5}.Debug|Any CPU.Build.0 = Debug|Any CPU
		{09AACF96-76F1-48FE-A587-3C157AB21FE5}.Release|Any CPU.ActiveCfg = Release|Any CPU
		{09AACF96-76F1-48FE-A587-3C157AB21FE5}.Release|Any CPU.Build.0 = Release|Any CPU
	EndGlobalSection
	GlobalSection(SolutionProperties) = preSolution
		HideSolutionNode = FALSE
	EndGlobalSection
	GlobalSection(ExtensibilityGlobals) = postSolution
		SolutionGuid = {852FE9AA-736D-4B25-B934-C89D498BCA5A}
	EndGlobalSection
EndGlobal
